
Microsoft Visual Studio Solution File, Format Version 12.00
# Visual Studio 15
VisualStudioVersion = 15.0.28307.329
MinimumVisualStudioVersion = 10.0.40219.1
Project("{FAE04EC0-301F-11D3-BF4B-00C04F79EFBC}") = "WebKhachHang", "WebKhachHang\WebKhachHang.csproj", "{D9ECE5CF-50C8-4248-8EEA-913646666DFF}"
EndProject
Global
	GlobalSection(SolutionConfigurationPlatforms) = preSolution
		Debug|Any CPU = Debug|Any CPU
		Release|Any CPU = Release|Any CPU
	EndGlobalSection
	GlobalSection(ProjectConfigurationPlatforms) = postSolution
		{D9ECE5CF-50C8-4248-8EEA-913646666DFF}.Debug|Any CPU.ActiveCfg = Debug|Any CPU
		{D9ECE5CF-50C8-4248-8EEA-913646666DFF}.Debug|Any CPU.Build.0 = Debug|Any CPU
		{D9ECE5CF-50C8-4248-8EEA-913646666DFF}.Release|Any CPU.ActiveCfg = Release|Any CPU
		{D9ECE5CF-50C8-4248-8EEA-913646666DFF}.Release|Any CPU.Build.0 = Release|Any CPU
	EndGlobalSection
	GlobalSection(SolutionProperties) = preSolution
		HideSolutionNode = FALSE
	EndGlobalSection
	GlobalSection(ExtensibilityGlobals) = postSolution
		SolutionGuid = {BC0ED42D-F2A5-48FD-B640-52049CF8B115}
	EndGlobalSection
EndGlobal
